
Microsoft Visual Studio Solution File, Format Version 12.00
# Visual Studio Version 17
VisualStudioVersion = 17.3.32825.248
MinimumVisualStudioVersion = 10.0.40219.1
Project("{FAE04EC0-301F-11D3-BF4B-00C04F79EFBC}") = "WebApplication1", "WebApplication1.csproj", "{D522BC13-3322-450C-92C8-6150A5BD97C0}"
EndProject
Global
	GlobalSection(SolutionConfigurationPlatforms) = preSolution
		Debug|Any CPU = Debug|Any CPU
		Release|Any CPU = Release|Any CPU
	EndGlobalSection
	GlobalSection(ProjectConfigurationPlatforms) = postSolution
		{D522BC13-3322-450C-92C8-6150A5BD97C0}.Debug|Any CPU.ActiveCfg = Debug|Any CPU
		{D522BC13-3322-450C-92C8-6150A5BD97C0}.Debug|Any CPU.Build.0 = Debug|Any CPU
		{D522BC13-3322-450C-92C8-6150A5BD97C0}.Release|Any CPU.ActiveCfg = Release|Any CPU
		{D522BC13-3322-450C-92C8-6150A5BD97C0}.Release|Any CPU.Build.0 = Release|Any CPU
	EndGlobalSection
	GlobalSection(SolutionProperties) = preSolution
		HideSolutionNode = FALSE
	EndGlobalSection
	GlobalSection(ExtensibilityGlobals) = postSolution
		SolutionGuid = {3EEB3BBA-5A44-41D3-AA05-48657056841D}
	EndGlobalSection
EndGlobal
